{
  "object": {
    "pins": [
      {
        "package": "ASN1Swift",
        "repositoryURL": "https://github.com/tikhop/ASN1Swift",
        "state": {
          "branch": null,
          "revision": "b53bee03a942623db25afc5bfb80227b2cb3b425",
          "version": "1.2.4"
        }
      },
      {
        "package": "KindKit",
        "repositoryURL": "https://github.com/KindKit/KindKit.git",
        "state": {
          "branch": null,
          "revision": "2f61c35463d0bfd0306862c4d96e3fe8a1b8462e",
          "version": "0.0.1"
        }
      },
      {
        "package": "TPInAppReceipt",
        "repositoryURL": "https://github.com/tikhop/TPInAppReceipt.git",
        "state": {
          "branch": null,
          "revision": "2b9946f8fe2dd74ed87dfcb5dbedc3be06c5ccab",
          "version": "3.3.3"
        }
      }
    ]
  },
  "version": 1
}
